// !$*UTF8*$!
{
	archiveVersion = 1;
	classes = {
	};
	objectVersion = 50;
	objects = {

/* Begin PBXBuildFile section */
		9C28AB97262C8761006084A7 /* AppDelegate.swift in Sources */ = {isa = PBXBuildFile; fileRef = 9C28AB96262C8761006084A7 /* AppDelegate.swift */; };
		9C28AB99262C8761006084A7 /* ViewController.swift in Sources */ = {isa = PBXBuildFile; fileRef = 9C28AB98262C8761006084A7 /* ViewController.swift */; };
		9C28AB9B262C8762006084A7 /* Assets.xcassets in Resources */ = {isa = PBXBuildFile; fileRef = 9C28AB9A262C8762006084A7 /* Assets.xcassets */; };
		9C28AB9E262C8762006084A7 /* Main.storyboard in Resources */ = {isa = PBXBuildFile; fileRef = 9C28AB9C262C8762006084A7 /* Main.storyboard */; };
		9C28ABAA262C8762006084A7 /* TableviewDemoTests.swift in Sources */ = {isa = PBXBuildFile; fileRef = 9C28ABA9262C8762006084A7 /* TableviewDemoTests.swift */; };
		9C28ABB5262C8762006084A7 /* TableviewDemoUITests.swift in Sources */ = {isa = PBXBuildFile; fileRef = 9C28ABB4262C8762006084A7 /* TableviewDemoUITests.swift */; };
/* End PBXBuildFile section */

/* Begin PBXContainerItemProxy section */
		9C28ABA6262C8762006084A7 /* PBXContainerItemProxy */ = {
			isa = PBXContainerItemProxy;
			containerPortal = 9C28AB8B262C8761006084A7 /* Project object */;
			proxyType = 1;
			remoteGlobalIDString = 9C28AB92262C8761006084A7;
			remoteInfo = TableviewDemo;
		};
		9C28ABB1262C8762006084A7 /* PBXContainerItemProxy */ = {
			isa = PBXContainerItemProxy;
			containerPortal = 9C28AB8B262C8761006084A7 /* Project object */;
			proxyType = 1;
			remoteGlobalIDString = 9C28AB92262C8761006084A7;
			remoteInfo = TableviewDemo;
		};
/* End PBXContainerItemProxy section */

/* Begin PBXFileReference section */
		9C28AB93262C8761006084A7 /* TableviewDemo.app */ = {isa = PBXFileReference; explicitFileType = wrapper.application; includeInIndex = 0; path = TableviewDemo.app; sourceTree = BUILT_PRODUCTS_DIR; };
		9C28AB96262C8761006084A7 /* AppDelegate.swift */ = {isa = PBXFileReference; lastKnownFileType = sourcecode.swift; path = AppDelegate.swift; sourceTree = "<group>"; };
		9C28AB98262C8761006084A7 /* ViewController.swift */ = {isa = PBXFileReference; lastKnownFileType = sourcecode.swift; path = ViewController.swift; sourceTree = "<group>"; };
		9C28AB9A262C8762006084A7 /* Assets.xcassets */ = {isa = PBXFileReference; lastKnownFileType = folder.assetcatalog; path = Assets.xcassets; sourceTree = "<group>"; };
		9C28AB9D262C8762006084A7 /* Base */ = {isa = PBXFileReference; lastKnownFileType = file.storyboard; name = Base; path = Base.lproj/Main.storyboard; sourceTree = "<group>"; };
		9C28AB9F262C8762006084A7 /* Info.plist */ = {isa = PBXFileReference; lastKnownFileType = text.plist.xml; path = Info.plist; sourceTree = "<group>"; };
		9C28ABA0262C8762006084A7 /* TableviewDemo.entitlements */ = {isa = PBXFileReference; lastKnownFileType = text.plist.entitlements; path = TableviewDemo.entitlements; sourceTree = "<group>"; };
		9C28ABA5262C8762006084A7 /* TableviewDemoTests.xctest */ = {isa = PBXFileReference; explicitFileType = wrapper.cfbundle; includeInIndex = 0; path = TableviewDemoTests.xctest; sourceTree = BUILT_PRODUCTS_DIR; };
		9C28ABA9262C8762006084A7 /* TableviewDemoTests.swift */ = {isa = PBXFileReference; lastKnownFileType = sourcecode.swift; path = TableviewDemoTests.swift; sourceTree = "<group>"; };
		9C28ABAB262C8762006084A7 /* Info.plist */ = {isa = PBXFileReference; lastKnownFileType = text.plist.xml; path = Info.plist; sourceTree = "<group>"; };
		9C28ABB0262C8762006084A7 /* TableviewDemoUITests.xctest */ = {isa = PBXFileReference; explicitFileType = wrapper.cfbundle; includeInIndex = 0; path = TableviewDemoUITests.xctest; sourceTree = BUILT_PRODUCTS_DIR; };
		9C28ABB4262C8762006084A7 /* TableviewDemoUITests.swift */ = {isa = PBXFileReference; lastKnownFileType = sourcecode.swift; path = TableviewDemoUITests.swift; sourceTree = "<group>"; };
		9C28ABB6262C8762006084A7 /* Info.plist */ = {isa = PBXFileReference; lastKnownFileType = text.plist.xml; path = Info.plist; sourceTree = "<group>"; };
/* End PBXFileReference section */

/* Begin PBXFrameworksBuildPhase section */
		9C28AB90262C8761006084A7 /* Frameworks */ = {
			isa = PBXFrameworksBuildPhase;
			buildActionMask = 2147483647;
			files = (
			);
			runOnlyForDeploymentPostprocessing = 0;
		};
		9C28ABA2262C8762006084A7 /* Frameworks */ = {
			isa = PBXFrameworksBuildPhase;
			buildActionMask = 2147483647;
			files = (
			);
			runOnlyForDeploymentPostprocessing = 0;
		};
		9C28ABAD262C8762006084A7 /* Frameworks */ = {
			isa = PBXFrameworksBuildPhase;
			buildActionMask = 2147483647;
			files = (
			);
			runOnlyForDeploymentPostprocessing = 0;
		};
/* End PBXFrameworksBuildPhase section */

/* Begin PBXGroup section */
		9C28AB8A262C8761006084A7 = {
			isa = PBXGroup;
			children = (
				9C28AB95262C8761006084A7 /* TableviewDemo */,
				9C28ABA8262C8762006084A7 /* TableviewDemoTests */,
				9C28ABB3262C8762006084A7 /* TableviewDemoUITests */,
				9C28AB94262C8761006084A7 /* Products */,
			);
			sourceTree = "<group>";
		};
		9C28AB94262C8761006084A7 /* Products */ = {
			isa = PBXGroup;
			children = (
				9C28AB93262C8761006084A7 /* TableviewDemo.app */,
				9C28ABA5262C8762006084A7 /* TableviewDemoTests.xctest */,
				9C28ABB0262C8762006084A7 /* TableviewDemoUITests.xctest */,
			);
			name = Products;
			sourceTree = "<group>";
		};
		9C28AB95262C8761006084A7 /* TableviewDemo */ = {
			isa = PBXGroup;
			children = (
				9C28AB96262C8761006084A7 /* AppDelegate.swift */,
				9C28AB98262C8761006084A7 /* ViewController.swift */,
				9C28AB9A262C8762006084A7 /* Assets.xcassets */,
				9C28AB9C262C8762006084A7 /* Main.storyboard */,
				9C28AB9F262C8762006084A7 /* Info.plist */,
				9C28ABA0262C8762006084A7 /* TableviewDemo.entitlements */,
			);
			path = TableviewDemo;
			sourceTree = "<group>";
		};
		9C28ABA8262C8762006084A7 /* TableviewDemoTests */ = {
			isa = PBXGroup;
			children = (
				9C28ABA9262C8762006084A7 /* TableviewDemoTests.swift */,
				9C28ABAB262C8762006084A7 /* Info.plist */,
			);
			path = TableviewDemoTests;
			sourceTree = "<group>";
		};
		9C28ABB3262C8762006084A7 /* TableviewDemoUITests */ = {
			isa = PBXGroup;
			children = (
				9C28ABB4262C8762006084A7 /* TableviewDemoUITests.swift */,
				9C28ABB6262C8762006084A7 /* Info.plist */,
			);
			path = TableviewDemoUITests;
			sourceTree = "<group>";
		};
/* End PBXGroup section */

/* Begin PBXNativeTarget section */
		9C28AB92262C8761006084A7 /* TableviewDemo */ = {
			isa = PBXNativeTarget;
			buildConfigurationList = 9C28ABB9262C8762006084A7 /* Build configuration list for PBXNativeTarget "TableviewDemo" */;
			buildPhases = (
				9C28AB8F262C8761006084A7 /* Sources */,
				9C28AB90262C8761006084A7 /* Frameworks */,
				9C28AB91262C8761006084A7 /* Resources */,
			);
			buildRules = (
			);
			dependencies = (
			);
			name = TableviewDemo;
			productName = TableviewDemo;
			productReference = 9C28AB93262C8761006084A7 /* TableviewDemo.app */;
			productType = "com.apple.product-type.application";
		};
		9C28ABA4262C8762006084A7 /* TableviewDemoTests */ = {
			isa = PBXNativeTarget;
			buildConfigurationList = 9C28ABBC262C8762006084A7 /* Build configuration list for PBXNativeTarget "TableviewDemoTests" */;
			buildPhases = (
				9C28ABA1262C8762006084A7 /* Sources */,
				9C28ABA2262C8762006084A7 /* Frameworks */,
				9C28ABA3262C8762006084A7 /* Resources */,
			);
			buildRules = (
			);
			dependencies = (
				9C28ABA7262C8762006084A7 /* PBXTargetDependency */,
			);
			name = TableviewDemoTests;
			productName = TableviewDemoTests;
			productReference = 9C28ABA5262C8762006084A7 /* TableviewDemoTests.xctest */;
			productType = "com.apple.product-type.bundle.unit-test";
		};
		9C28ABAF262C8762006084A7 /* TableviewDemoUITests */ = {
			isa = PBXNativeTarget;
			buildConfigurationList = 9C28ABBF262C8762006084A7 /* Build configuration list for PBXNativeTarget "TableviewDemoUITests" */;
			buildPhases = (
				9C28ABAC262C8762006084A7 /* Sources */,
				9C28ABAD262C8762006084A7 /* Frameworks */,
				9C28ABAE262C8762006084A7 /* Resources */,
			);
			buildRules = (
			);
			dependencies = (
				9C28ABB2262C8762006084A7 /* PBXTargetDependency */,
			);
			name = TableviewDemoUITests;
			productName = TableviewDemoUITests;
			productReference = 9C28ABB0262C8762006084A7 /* TableviewDemoUITests.xctest */;
			productType = "com.apple.product-type.bundle.ui-testing";
		};
/* End PBXNativeTarget section */

/* Begin PBXProject section */
		9C28AB8B262C8761006084A7 /* Project object */ = {
			isa = PBXProject;
			attributes = {
				LastSwiftUpdateCheck = 1240;
				LastUpgradeCheck = 1240;
				TargetAttributes = {
					9C28AB92262C8761006084A7 = {
						CreatedOnToolsVersion = 12.4;
					};
					9C28ABA4262C8762006084A7 = {
						CreatedOnToolsVersion = 12.4;
						TestTargetID = 9C28AB92262C8761006084A7;
					};
					9C28ABAF262C8762006084A7 = {
						CreatedOnToolsVersion = 12.4;
						TestTargetID = 9C28AB92262C8761006084A7;
					};
				};
			};
			buildConfigurationList = 9C28AB8E262C8761006084A7 /* Build configuration list for PBXProject "TableviewDemo" */;
			compatibilityVersion = "Xcode 9.3";
			developmentRegion = en;
			hasScannedForEncodings = 0;
			knownRegions = (
				en,
				Base,
			);
			mainGroup = 9C28AB8A262C8761006084A7;
			productRefGroup = 9C28AB94262C8761006084A7 /* Products */;
			projectDirPath = "";
			projectRoot = "";
			targets = (
				9C28AB92262C8761006084A7 /* TableviewDemo */,
				9C28ABA4262C8762006084A7 /* TableviewDemoTests */,
				9C28ABAF262C8762006084A7 /* TableviewDemoUITests */,
			);
		};
/* End PBXProject section */

/* Begin PBXResourcesBuildPhase section */
		9C28AB91262C8761006084A7 /* Resources */ = {
			isa = PBXResourcesBuildPhase;
			buildActionMask = 2147483647;
			files = (
				9C28AB9B262C8762006084A7 /* Assets.xcassets in Resources */,
				9C28AB9E262C8762006084A7 /* Main.storyboard in Resources */,
			);
			runOnlyForDeploymentPostprocessing = 0;
		};
		9C28ABA3262C8762006084A7 /* Resources */ = {
			isa = PBXResourcesBuildPhase;
			buildActionMask = 2147483647;
			files = (
			);
			runOnlyForDeploymentPostprocessing = 0;
		};
		9C28ABAE262C8762006084A7 /* Resources */ = {
			isa = PBXResourcesBuildPhase;
			buildActionMask = 2147483647;
			files = (
			);
			runOnlyForDeploymentPostprocessing = 0;
		};
/* End PBXResourcesBuildPhase section */

/* Begin PBXSourcesBuildPhase section */
		9C28AB8F262C8761006084A7 /* Sources */ = {
			isa = PBXSourcesBuildPhase;
			buildActionMask = 2147483647;
			files = (
				9C28AB99262C8761006084A7 /* ViewController.swift in Sources */,
				9C28AB97262C8761006084A7 /* AppDelegate.swift in Sources */,
			);
			runOnlyForDeploymentPostprocessing = 0;
		};
		9C28ABA1262C8762006084A7 /* Sources */ = {
			isa = PBXSourcesBuildPhase;
			buildActionMask = 2147483647;
			files = (
				9C28ABAA262C8762006084A7 /* TableviewDemoTests.swift in Sources */,
			);
			runOnlyForDeploymentPostprocessing = 0;
		};
		9C28ABAC262C8762006084A7 /* Sources */ = {
			isa = PBXSourcesBuildPhase;
			buildActionMask = 2147483647;
			files = (
				9C28ABB5262C8762006084A7 /* TableviewDemoUITests.swift in Sources */,
			);
			runOnlyForDeploymentPostprocessing = 0;
		};
/* End PBXSourcesBuildPhase section */

/* Begin PBXTargetDependency section */
		9C28ABA7262C8762006084A7 /* PBXTargetDependency */ = {
			isa = PBXTargetDependency;
			target = 9C28AB92262C8761006084A7 /* TableviewDemo */;
			targetProxy = 9C28ABA6262C8762006084A7 /* PBXContainerItemProxy */;
		};
		9C28ABB2262C8762006084A7 /* PBXTargetDependency */ = {
			isa = PBXTargetDependency;
			target = 9C28AB92262C8761006084A7 /* TableviewDemo */;
			targetProxy = 9C28ABB1262C8762006084A7 /* PBXContainerItemProxy */;
		};
/* End PBXTargetDependency section */

/* Begin PBXVariantGroup section */
		9C28AB9C262C8762006084A7 /* Main.storyboard */ = {
			isa = PBXVariantGroup;
			children = (
				9C28AB9D262C8762006084A7 /* Base */,
			);
			name = Main.storyboard;
			sourceTree = "<group>";
		};
/* End PBXVariantGroup section */

/* Begin XCBuildConfiguration section */
		9C28ABB7262C8762006084A7 /* Debug */ = {
			isa = XCBuildConfiguration;
			buildSettings = {
				ALWAYS_SEARCH_USER_PATHS = NO;
				CLANG_ANALYZER_NONNULL = YES;
				CLANG_ANALYZER_NUMBER_OBJECT_CONVERSION = YES_AGGRESSIVE;
				CLANG_CXX_LANGUAGE_STANDARD = "gnu++14";
				CLANG_CXX_LIBRARY = "libc++";
				CLANG_ENABLE_MODULES = YES;
				CLANG_ENABLE_OBJC_ARC = YES;
				CLANG_ENABLE_OBJC_WEAK = YES;
				CLANG_WARN_BLOCK_CAPTURE_AUTORELEASING = YES;
				CLANG_WARN_BOOL_CONVERSION = YES;
				CLANG_WARN_COMMA = YES;
				CLANG_WARN_CONSTANT_CONVERSION = YES;
				CLANG_WARN_DEPRECATED_OBJC_IMPLEMENTATIONS = YES;
				CLANG_WARN_DIRECT_OBJC_ISA_USAGE = YES_ERROR;
				CLANG_WARN_DOCUMENTATION_COMMENTS = YES;
				CLANG_WARN_EMPTY_BODY = YES;
				CLANG_WARN_ENUM_CONVERSION = YES;
				CLANG_WARN_INFINITE_RECURSION = YES;
				CLANG_WARN_INT_CONVERSION = YES;
				CLANG_WARN_NON_LITERAL_NULL_CONVERSION = YES;
				CLANG_WARN_OBJC_IMPLICIT_RETAIN_SELF = YES;
				CLANG_WARN_OBJC_LITERAL_CONVERSION = YES;
				CLANG_WARN_OBJC_ROOT_CLASS = YES_ERROR;
				CLANG_WARN_QUOTED_INCLUDE_IN_FRAMEWORK_HEADER = YES;
				CLANG_WARN_RANGE_LOOP_ANALYSIS = YES;
				CLANG_WARN_STRICT_PROTOTYPES = YES;
				CLANG_WARN_SUSPICIOUS_MOVE = YES;
				CLANG_WARN_UNGUARDED_AVAILABILITY = YES_AGGRESSIVE;
				CLANG_WARN_UNREACHABLE_CODE = YES;
				CLANG_WARN__DUPLICATE_METHOD_MATCH = YES;
				COPY_PHASE_STRIP = NO;
				DEBUG_INFORMATION_FORMAT = dwarf;
				ENABLE_STRICT_OBJC_MSGSEND = YES;
				ENABLE_TESTABILITY = YES;
				GCC_C_LANGUAGE_STANDARD = gnu11;
				GCC_DYNAMIC_NO_PIC = NO;
				GCC_NO_COMMON_BLOCKS = YES;
				GCC_OPTIMIZATION_LEVEL = 0;
				GCC_PREPROCESSOR_DEFINITIONS = (
					"DEBUG=1",
					"$(inherited)",
				);
				GCC_WARN_64_TO_32_BIT_CONVERSION = YES;
				GCC_WARN_ABOUT_RETURN_TYPE = YES_ERROR;
				GCC_WARN_UNDECLARED_SELECTOR = YES;
				GCC_WARN_UNINITIALIZED_AUTOS = YES_AGGRESSIVE;
				GCC_WARN_UNUSED_FUNCTION = YES;
				GCC_WARN_UNUSED_VARIABLE = YES;
				MACOSX_DEPLOYMENT_TARGET = 10.15;
				MTL_ENABLE_DEBUG_INFO = INCLUDE_SOURCE;
				MTL_FAST_MATH = YES;
				ONLY_ACTIVE_ARCH = YES;
				SDKROOT = macosx;
				SWIFT_ACTIVE_COMPILATION_CONDITIONS = DEBUG;
				SWIFT_OPTIMIZATION_LEVEL = "-Onone";
			};
			name = Debug;
		};
		9C28ABB8262C8762006084A7 /* Release */ = {
			isa = XCBuildConfiguration;
			buildSettings = {
				ALWAYS_SEARCH_USER_PATHS = NO;
				CLANG_ANALYZER_NONNULL = YES;
				CLANG_ANALYZER_NUMBER_OBJECT_CONVERSION = YES_AGGRESSIVE;
				CLANG_CXX_LANGUAGE_STANDARD = "gnu++14";
				CLANG_CXX_LIBRARY = "libc++";
				CLANG_ENABLE_MODULES = YES;
				CLANG_ENABLE_OBJC_ARC = YES;
				CLANG_ENABLE_OBJC_WEAK = YES;
				CLANG_WARN_BLOCK_CAPTURE_AUTORELEASING = YES;
				CLANG_WARN_BOOL_CONVERSION = YES;
				CLANG_WARN_COMMA = YES;
				CLANG_WARN_CONSTANT_CONVERSION = YES;
				CLANG_WARN_DEPRECATED_OBJC_IMPLEMENTATIONS = YES;
				CLANG_WARN_DIRECT_OBJC_ISA_USAGE = YES_ERROR;
				CLANG_WARN_DOCUMENTATION_COMMENTS = YES;
				CLANG_WARN_EMPTY_BODY = YES;
				CLANG_WARN_ENUM_CONVERSION = YES;
				CLANG_WARN_INFINITE_RECURSION = YES;
				CLANG_WARN_INT_CONVERSION = YES;
				CLANG_WARN_NON_LITERAL_NULL_CONVERSION = YES;
				CLANG_WARN_OBJC_IMPLICIT_RETAIN_SELF = YES;
				CLANG_WARN_OBJC_LITERAL_CONVERSION = YES;
				CLANG_WARN_OBJC_ROOT_CLASS = YES_ERROR;
				CLANG_WARN_QUOTED_INCLUDE_IN_FRAMEWORK_HEADER = YES;
				CLANG_WARN_RANGE_LOOP_ANALYSIS = YES;
				CLANG_WARN_STRICT_PROTOTYPES = YES;
				CLANG_WARN_SUSPICIOUS_MOVE = YES;
				CLANG_WARN_UNGUARDED_AVAILABILITY = YES_AGGRESSIVE;
				CLANG_WARN_UNREACHABLE_CODE = YES;
				CLANG_WARN__DUPLICATE_METHOD_MATCH = YES;
				COPY_PHASE_STRIP = NO;
				DEBUG_INFORMATION_FORMAT = "dwarf-with-dsym";
				ENABLE_NS_ASSERTIONS = NO;
				ENABLE_STRICT_OBJC_MSGSEND = YES;
				GCC_C_LANGUAGE_STANDARD = gnu11;
				GCC_NO_COMMON_BLOCKS = YES;
				GCC_WARN_64_TO_32_BIT_CONVERSION = YES;
				GCC_WARN_ABOUT_RETURN_TYPE = YES_ERROR;
				GCC_WARN_UNDECLARED_SELECTOR = YES;
				GCC_WARN_UNINITIALIZED_AUTOS = YES_AGGRESSIVE;
				GCC_WARN_UNUSED_FUNCTION = YES;
				GCC_WARN_UNUSED_VARIABLE = YES;
				MACOSX_DEPLOYMENT_TARGET = 10.15;
				MTL_ENABLE_DEBUG_INFO = NO;
				MTL_FAST_MATH = YES;
				SDKROOT = macosx;
				SWIFT_COMPILATION_MODE = wholemodule;
				SWIFT_OPTIMIZATION_LEVEL = "-O";
			};
			name = Release;
		};
		9C28ABBA262C8762006084A7 /* Debug */ = {
			isa = XCBuildConfiguration;
			buildSettings = {
				ASSETCATALOG_COMPILER_APPICON_NAME = AppIcon;
				ASSETCATALOG_COMPILER_GLOBAL_ACCENT_COLOR_NAME = AccentColor;
				CODE_SIGN_ENTITLEMENTS = TableviewDemo/TableviewDemo.entitlements;
				CODE_SIGN_STYLE = Automatic;
				COMBINE_HIDPI_IMAGES = YES;
				INFOPLIST_FILE = TableviewDemo/Info.plist;
				LD_RUNPATH_SEARCH_PATHS = (
					"$(inherited)",
					"@executable_path/../Frameworks",
				);
				PRODUCT_BUNDLE_IDENTIFIER = com.a.test.TableviewDemo;
				PRODUCT_NAME = "$(TARGET_NAME)";
				SWIFT_VERSION = 5.0;
			};
			name = Debug;
		};
		9C28ABBB262C8762006084A7 /* Release */ = {
			isa = XCBuildConfiguration;
			buildSettings = {
				ASSETCATALOG_COMPILER_APPICON_NAME = AppIcon;
				ASSETCATALOG_COMPILER_GLOBAL_ACCENT_COLOR_NAME = AccentColor;
				CODE_SIGN_ENTITLEMENTS = TableviewDemo/TableviewDemo.entitlements;
				CODE_SIGN_STYLE = Automatic;
				COMBINE_HIDPI_IMAGES = YES;
				INFOPLIST_FILE = TableviewDemo/Info.plist;
				LD_RUNPATH_SEARCH_PATHS = (
					"$(inherited)",
					"@executable_path/../Frameworks",
				);
				PRODUCT_BUNDLE_IDENTIFIER = com.a.test.TableviewDemo;
				PRODUCT_NAME = "$(TARGET_NAME)";
				SWIFT_VERSION = 5.0;
			};
			name = Release;
		};
		9C28ABBD262C8762006084A7 /* Debug */ = {
			isa = XCBuildConfiguration;
			buildSettings = {
				ALWAYS_EMBED_SWIFT_STANDARD_LIBRARIES = YES;
				BUNDLE_LOADER = "$(TEST_HOST)";
				CODE_SIGN_STYLE = Automatic;
				COMBINE_HIDPI_IMAGES = YES;
				INFOPLIST_FILE = TableviewDemoTests/Info.plist;
				LD_RUNPATH_SEARCH_PATHS = (
					"$(inherited)",
					"@executable_path/../Frameworks",
					"@loader_path/../Frameworks",
				);
				MACOSX_DEPLOYMENT_TARGET = 10.15;
				PRODUCT_BUNDLE_IDENTIFIER = com.a.test.TableviewDemoTests;
				PRODUCT_NAME = "$(TARGET_NAME)";
				SWIFT_VERSION = 5.0;
				TEST_HOST = "$(BUILT_PRODUCTS_DIR)/TableviewDemo.app/Contents/MacOS/TableviewDemo";
			};
			name = Debug;
		};
		9C28ABBE262C8762006084A7 /* Release */ = {
			isa = XCBuildConfiguration;
			buildSettings = {
				ALWAYS_EMBED_SWIFT_STANDARD_LIBRARIES = YES;
				BUNDLE_LOADER = "$(TEST_HOST)";
				CODE_SIGN_STYLE = Automatic;
				COMBINE_HIDPI_IMAGES = YES;
				INFOPLIST_FILE = TableviewDemoTests/Info.plist;
				LD_RUNPATH_SEARCH_PATHS = (
					"$(inherited)",
					"@executable_path/../Frameworks",
					"@loader_path/../Frameworks",
				);
				MACOSX_DEPLOYMENT_TARGET = 10.15;
				PRODUCT_BUNDLE_IDENTIFIER = com.a.test.TableviewDemoTests;
				PRODUCT_NAME = "$(TARGET_NAME)";
				SWIFT_VERSION = 5.0;
				TEST_HOST = "$(BUILT_PRODUCTS_DIR)/TableviewDemo.app/Contents/MacOS/TableviewDemo";
			};
			name = Release;
		};
		9C28ABC0262C8762006084A7 /* Debug */ = {
			isa = XCBuildConfiguration;
			buildSettings = {
				ALWAYS_EMBED_SWIFT_STANDARD_LIBRARIES = YES;
				CODE_SIGN_STYLE = Automatic;
				COMBINE_HIDPI_IMAGES = YES;
				INFOPLIST_FILE = TableviewDemoUITests/Info.plist;
				LD_RUNPATH_SEARCH_PATHS = (
					"$(inherited)",
					"@executable_path/../Frameworks",
					"@loader_path/../Frameworks",
				);
				PRODUCT_BUNDLE_IDENTIFIER = com.a.test.TableviewDemoUITests;
				PRODUCT_NAME = "$(TARGET_NAME)";
				SWIFT_VERSION = 5.0;
				TEST_TARGET_NAME = TableviewDemo;
			};
			name = Debug;
		};
		9C28ABC1262C8762006084A7 /* Release */ = {
			isa = XCBuildConfiguration;
			buildSettings = {
				ALWAYS_EMBED_SWIFT_STANDARD_LIBRARIES = YES;
				CODE_SIGN_STYLE = Automatic;
				COMBINE_HIDPI_IMAGES = YES;
				INFOPLIST_FILE = TableviewDemoUITests/Info.plist;
				LD_RUNPATH_SEARCH_PATHS = (
					"$(inherited)",
					"@executable_path/../Frameworks",
					"@loader_path/../Frameworks",
				);
				PRODUCT_BUNDLE_IDENTIFIER = com.a.test.TableviewDemoUITests;
				PRODUCT_NAME = "$(TARGET_NAME)";
				SWIFT_VERSION = 5.0;
				TEST_TARGET_NAME = TableviewDemo;
			};
			name = Release;
		};
/* End XCBuildConfiguration section */

/* Begin XCConfigurationList section */
		9C28AB8E262C8761006084A7 /* Build configuration list for PBXProject "TableviewDemo" */ = {
			isa = XCConfigurationList;
			buildConfigurations = (
				9C28ABB7262C8762006084A7 /* Debug */,
				9C28ABB8262C8762006084A7 /* Release */,
			);
			defaultConfigurationIsVisible = 0;
			defaultConfigurationName = Release;
		};
		9C28ABB9262C8762006084A7 /* Build configuration list for PBXNativeTarget "TableviewDemo" */ = {
			isa = XCConfigurationList;
			buildConfigurations = (
				9C28ABBA262C8762006084A7 /* Debug */,
				9C28ABBB262C8762006084A7 /* Release */,
			);
			defaultConfigurationIsVisible = 0;
			defaultConfigurationName = Release;
		};
		9C28ABBC262C8762006084A7 /* Build configuration list for PBXNativeTarget "TableviewDemoTests" */ = {
			isa = XCConfigurationList;
			buildConfigurations = (
				9C28ABBD262C8762006084A7 /* Debug */,
				9C28ABBE262C8762006084A7 /* Release */,
			);
			defaultConfigurationIsVisible = 0;
			defaultConfigurationName = Release;
		};
		9C28ABBF262C8762006084A7 /* Build configuration list for PBXNativeTarget "TableviewDemoUITests" */ = {
			isa = XCConfigurationList;
			buildConfigurations = (
				9C28ABC0262C8762006084A7 /* Debug */,
				9C28ABC1262C8762006084A7 /* Release */,
			);
			defaultConfigurationIsVisible = 0;
			defaultConfigurationName = Release;
		};
/* End XCConfigurationList section */
	};
	rootObject = 9C28AB8B262C8761006084A7 /* Project object */;
}
